{
  "nodes": {
    "disko": {
      "inputs": {
        "nixpkgs": [
          "nixpkgs"
        ]
      },
      "locked": {
        "lastModified": 1781152676,
        "narHash": "sha256-RxWs5ND31KzTG7wvMM+PMfUjyNpmIEr999lqNARaM5o=",
        "owner": "nix-community",
        "repo": "disko",
        "rev": "ff8702b4de27f72b4c78573dfb89ec74e36abdf1",
        "type": "github"
      },
      "original": {
        "owner": "nix-community",
        "repo": "disko",
        "type": "github"
      }
    },
    "home-manager": {
      "inputs": {
        "nixpkgs": [
          "nixpkgs"
        ]
      },
      "locked": {
        "lastModified": 1781305496,
        "narHash": "sha256-g8Vv4Qfc7n+lgov97REu3X6BeJtvYY0hlSUZR1GrGQQ=",
        "owner": "nix-community",
        "repo": "home-manager",
        "rev": "c87a39aa979acc4848016d2220c6238390d84779",
        "type": "github"
      },
      "original": {
        "owner": "nix-community",
        "repo": "home-manager",
        "type": "github"
      }
    },
    "lumen": {
      "inputs": {
        "nixpkgs": [
          "nixpkgs"
        ]
      },
      "locked": {
        "lastModified": 1781428576,
        "narHash": "sha256-KgJunCt15xfOYf/5ZNbttaLqPrH+eTxmKRRn8hZn3ak=",
        "owner": "DigitalPals",
        "repo": "Lumen",
        "rev": "641462fe9d3d53fde4a2cc022d556dbcb7a898b8",
        "type": "github"
      },
      "original": {
        "owner": "DigitalPals",
        "ref": "v0.6.0",
        "repo": "Lumen",
        "type": "github"
      }
    },
    "mdview": {
      "inputs": {
        "nixpkgs": [
          "nixpkgs"
        ]
      },
      "locked": {
        "lastModified": 1781431165,
        "narHash": "sha256-d0pBifyuTks0DpISNDK7jGcPsDfluSV0N2t1Ue4pzC0=",
        "owner": "DigitalPals",
        "repo": "mdview",
        "rev": "75c72eb72ba2afbb6176e7d6e03037b6c0cdf034",
        "type": "github"
      },
      "original": {
        "owner": "DigitalPals",
        "ref": "0.0.1",
        "repo": "mdview",
        "type": "github"
      }
    },
    "nixpkgs": {
      "locked": {
        "lastModified": 1781074563,
        "narHash": "sha256-md8WlXOlfnIeHeOScMTTHFyf2d6iaTwPl2apR5EQ3P4=",
        "owner": "NixOS",
        "repo": "nixpkgs",
        "rev": "9ae611a455b90cf061d8f332b977e387bda8e1ca",
        "type": "github"
      },
      "original": {
        "owner": "NixOS",
        "ref": "nixos-unstable",
        "repo": "nixpkgs",
        "type": "github"
      }
    },
    "nixpkgs-master": {
      "locked": {
        "lastModified": 1781327165,
        "narHash": "sha256-U3X19I4Yh0Yh6pF29Cg3w7vw37Cwe1GbP+AH3X8u7us=",
        "owner": "NixOS",
        "repo": "nixpkgs",
        "rev": "bd8e152b60a129b76de18397f59c6848e8202534",
        "type": "github"
      },
      "original": {
        "owner": "NixOS",
        "ref": "master",
        "repo": "nixpkgs",
        "type": "github"
      }
    },
    "root": {
      "inputs": {
        "disko": "disko",
        "home-manager": "home-manager",
        "lumen": "lumen",
        "mdview": "mdview",
        "nixpkgs": "nixpkgs",
        "nixpkgs-master": "nixpkgs-master"
      }
    }
  },
  "root": "root",
  "version": 7
}
