{
  "nodes": {
    "disko": {
      "inputs": {
        "nixpkgs": [
          "nixpkgs"
        ]
      },
      "locked": {
        "lastModified": 1768916464,
        "narHash": "sha256-Kmfpv6ZAjhZIP+bqgRb3Wd4gAJQ1NtyMZb4PR89dsN0=",
        "owner": "nix-community",
        "repo": "disko",
        "rev": "6fcb8c602b0589759b0fde15c627c8d2ceb2d5a8",
        "type": "github"
      },
      "original": {
        "owner": "nix-community",
        "repo": "disko",
        "type": "github"
      }
    },
    "dots-hyprland": {
      "flake": false,
      "locked": {
        "lastModified": 1768435836,
        "narHash": "sha256-01PPtScjayao3ERfe941WEMNeWLCXS0HJ+yae/Vzdvc=",
        "owner": "end-4",
        "repo": "dots-hyprland",
        "rev": "20ec7717a4c67bcc074dec0cd28638f4f22516f0",
        "type": "github"
      },
      "original": {
        "owner": "end-4",
        "repo": "dots-hyprland",
        "type": "github"
      }
    },
    "flake-utils": {
      "inputs": {
        "systems": "systems"
      },
      "locked": {
        "lastModified": 1731533236,
        "narHash": "sha256-l0KFg5HjrsfsO/JpG+r7fRrqm12kzFHyUHqHCVpMMbI=",
        "owner": "numtide",
        "repo": "flake-utils",
        "rev": "11707dc2f618dd54ca8739b309ec4fc024de578b",
        "type": "github"
      },
      "original": {
        "owner": "numtide",
        "repo": "flake-utils",
        "type": "github"
      }
    },
    "home-manager": {
      "inputs": {
        "nixpkgs": [
          "nixpkgs"
        ]
      },
      "locked": {
        "lastModified": 1768912518,
        "narHash": "sha256-FJlof1jnbLIT5RbKxef/NV6RzcOj1GoMzXE4FcBFg5Y=",
        "owner": "nix-community",
        "repo": "home-manager",
        "rev": "9c5f8aceb6ef620e881f50fe65cb4a2c6b1e8527",
        "type": "github"
      },
      "original": {
        "owner": "nix-community",
        "repo": "home-manager",
        "type": "github"
      }
    },
    "nixpkgs": {
      "locked": {
        "lastModified": 1768564909,
        "narHash": "sha256-Kell/SpJYVkHWMvnhqJz/8DqQg2b6PguxVWOuadbHCc=",
        "owner": "NixOS",
        "repo": "nixpkgs",
        "rev": "e4bae1bd10c9c57b2cf517953ab70060a828ee6f",
        "type": "github"
      },
      "original": {
        "owner": "NixOS",
        "ref": "nixos-unstable",
        "repo": "nixpkgs",
        "type": "github"
      }
    },
    "nixpkgs_2": {
      "locked": {
        "lastModified": 1767640445,
        "narHash": "sha256-UWYqmD7JFBEDBHWYcqE6s6c77pWdcU/i+bwD6XxMb8A=",
        "owner": "NixOS",
        "repo": "nixpkgs",
        "rev": "9f0c42f8bc7151b8e7e5840fb3bd454ad850d8c5",
        "type": "github"
      },
      "original": {
        "owner": "NixOS",
        "ref": "nixos-unstable",
        "repo": "nixpkgs",
        "type": "github"
      }
    },
    "noctalia": {
      "inputs": {
        "nixpkgs": [
          "nixpkgs"
        ]
      },
      "locked": {
        "lastModified": 1768918690,
        "narHash": "sha256-Jt7k8Z2ioe0314qbNn52ObE4ic0mmSK+8EjddD//FL8=",
        "owner": "noctalia-dev",
        "repo": "noctalia-shell",
        "rev": "244f111373df70716224156c496fd5dfd0151e9f",
        "type": "github"
      },
      "original": {
        "owner": "noctalia-dev",
        "repo": "noctalia-shell",
        "type": "github"
      }
    },
    "portal": {
      "inputs": {
        "flake-utils": "flake-utils",
        "nixpkgs": "nixpkgs_2"
      },
      "locked": {
        "lastModified": 1768751827,
        "narHash": "sha256-9XJW2jckXWE28csd6gOILdXFkVvOwkJH3iOcSoT4woM=",
        "owner": "DigitalPals",
        "repo": "portal",
        "rev": "9f52086a8b2c6febb569a2a69cf31f1e339b7c6b",
        "type": "github"
      },
      "original": {
        "owner": "DigitalPals",
        "ref": "release",
        "repo": "portal",
        "type": "github"
      }
    },
    "quickshell": {
      "inputs": {
        "nixpkgs": [
          "nixpkgs"
        ]
      },
      "locked": {
        "lastModified": 1768689040,
        "narHash": "sha256-Tlnr5BulJcMers/cb+YvmBQW4nKHjdKo9loInJkyO2k=",
        "owner": "quickshell-mirror",
        "repo": "quickshell",
        "rev": "7a427ce1979ce7447e885c4f30129b40f3d466f5",
        "type": "github"
      },
      "original": {
        "owner": "quickshell-mirror",
        "repo": "quickshell",
        "type": "github"
      }
    },
    "root": {
      "inputs": {
        "disko": "disko",
        "dots-hyprland": "dots-hyprland",
        "home-manager": "home-manager",
        "nixpkgs": "nixpkgs",
        "noctalia": "noctalia",
        "portal": "portal",
        "quickshell": "quickshell",
        "rounded-polygon-qmljs": "rounded-polygon-qmljs"
      }
    },
    "rounded-polygon-qmljs": {
      "flake": false,
      "locked": {
        "lastModified": 1767651746,
        "narHash": "sha256-WVkjTpFtJt6TFCi7tTBjsTUjRCFmYoQAlfqRwSCT2lY=",
        "owner": "end-4",
        "repo": "rounded-polygon-qmljs",
        "rev": "b62e4482af56722840dd4b86c4dab41d5c9f2dda",
        "type": "github"
      },
      "original": {
        "owner": "end-4",
        "repo": "rounded-polygon-qmljs",
        "type": "github"
      }
    },
    "systems": {
      "locked": {
        "lastModified": 1681028828,
        "narHash": "sha256-Vy1rq5AaRuLzOxct8nz4T6wlgyUR7zLU309k9mBC768=",
        "owner": "nix-systems",
        "repo": "default",
        "rev": "da67096a3b9bf56a91d16901293e51ba5b49a27e",
        "type": "github"
      },
      "original": {
        "owner": "nix-systems",
        "repo": "default",
        "type": "github"
      }
    }
  },
  "root": "root",
  "version": 7
}
